
Microsoft Visual Studio Solution File, Format Version 12.00
# Visual Studio Version 17
VisualStudioVersion = 17.3.32929.385
MinimumVisualStudioVersion = 10.0.40219.1
Project("{9A19103F-16F7-4668-BE54-9A1E7A4F7556}") = "ZadanieSlonie", "ZadanieSlonie.csproj", "{F53BF95D-2C0A-471C-9A10-599275F4AD38}"
EndProject
Global
	GlobalSection(SolutionConfigurationPlatforms) = preSolution
		Debug|Any CPU = Debug|Any CPU
		Release|Any CPU = Release|Any CPU
	EndGlobalSection
	GlobalSection(ProjectConfigurationPlatforms) = postSolution
		{F53BF95D-2C0A-471C-9A10-599275F4AD38}.Debug|Any CPU.ActiveCfg = Debug|Any CPU
		{F53BF95D-2C0A-471C-9A10-599275F4AD38}.Debug|Any CPU.Build.0 = Debug|Any CPU
		{F53BF95D-2C0A-471C-9A10-599275F4AD38}.Release|Any CPU.ActiveCfg = Release|Any CPU
		{F53BF95D-2C0A-471C-9A10-599275F4AD38}.Release|Any CPU.Build.0 = Release|Any CPU
	EndGlobalSection
	GlobalSection(SolutionProperties) = preSolution
		HideSolutionNode = FALSE
	EndGlobalSection
	GlobalSection(ExtensibilityGlobals) = postSolution
		SolutionGuid = {08B164D8-6750-4E3D-8F58-E3A41F487C91}
	EndGlobalSection
EndGlobal
